{
  "name": "team_management_app",
  "lockfileVersion": 2,
  "requires": true,
  "packages": {
    "": {
      "name": "team_management_app",
      "dependencies": {
        "@fullstory/browser": "^1.7.1"
      }
    },
    "node_modules/@fullstory/browser": {
      "version": "1.7.1",
      "resolved": "https://registry.npmjs.org/@fullstory/browser/-/browser-1.7.1.tgz",
      "integrity": "sha512-IBPisG+xRyTHHX8XkZJkQRbP2hVYNMZUYW8R3YiB582dl/VZImkFN+LopIAfPqB97FAZgUTofi7flkrHT4Qmtg==",
      "dependencies": {
        "@fullstory/snippet": "1.3.1"
      }
    },
    "node_modules/@fullstory/snippet": {
      "version": "1.3.1",
      "resolved": "https://registry.npmjs.org/@fullstory/snippet/-/snippet-1.3.1.tgz",
      "integrity": "sha512-NgrBWGHH5i8zejlRFSyJNhovkNqHAXsWKrcXIWaABrgESwbkdGETjOU7BD7d1ZeT0X+QXL/2yr/1y4xnWfVkwQ=="
    }
  },
  "dependencies": {
    "@fullstory/browser": {
      "version": "1.7.1",
      "resolved": "https://registry.npmjs.org/@fullstory/browser/-/browser-1.7.1.tgz",
      "integrity": "sha512-IBPisG+xRyTHHX8XkZJkQRbP2hVYNMZUYW8R3YiB582dl/VZImkFN+LopIAfPqB97FAZgUTofi7flkrHT4Qmtg==",
      "requires": {
        "@fullstory/snippet": "1.3.1"
      }
    },
    "@fullstory/snippet": {
      "version": "1.3.1",
      "resolved": "https://registry.npmjs.org/@fullstory/snippet/-/snippet-1.3.1.tgz",
      "integrity": "sha512-NgrBWGHH5i8zejlRFSyJNhovkNqHAXsWKrcXIWaABrgESwbkdGETjOU7BD7d1ZeT0X+QXL/2yr/1y4xnWfVkwQ=="
    }
  }
}
